
Microsoft Visual Studio Solution File, Format Version 12.00
Project("{FAE04EC0-301F-11D3-BF4B-00C04F79EFBC}") = "ClassLibrary1", "ClassLibrary1\ClassLibrary1.csproj", "{8B99E55A-DD20-4C3E-AD6E-6947933F1B58}"
EndProject
Global
	GlobalSection(SolutionConfigurationPlatforms) = preSolution
		Debug|Any CPU = Debug|Any CPU
		Release|Any CPU = Release|Any CPU
	EndGlobalSection
	GlobalSection(ProjectConfigurationPlatforms) = postSolution
		{8B99E55A-DD20-4C3E-AD6E-6947933F1B58}.Debug|Any CPU.ActiveCfg = Debug|Any CPU
		{8B99E55A-DD20-4C3E-AD6E-6947933F1B58}.Debug|Any CPU.Build.0 = Debug|Any CPU
		{8B99E55A-DD20-4C3E-AD6E-6947933F1B58}.Release|Any CPU.ActiveCfg = Release|Any CPU
		{8B99E55A-DD20-4C3E-AD6E-6947933F1B58}.Release|Any CPU.Build.0 = Release|Any CPU
	EndGlobalSection
EndGlobal
